// !$*UTF8*$!
{
	archiveVersion = 1;
	classes = {
	};
	objectVersion = 50;
	objects = {

/* Begin PBXBuildFile section */
		1A79C62F23E1834D00A12A77 /* TujianApi.swift in Sources */ = {isa = PBXBuildFile; fileRef = 1A79C62E23E1834D00A12A77 /* TujianApi.swift */; };
		1A79C63123E1A94100A12A77 /* PhotoCard.swift in Sources */ = {isa = PBXBuildFile; fileRef = 1A79C63023E1A94100A12A77 /* PhotoCard.swift */; };
		1A85047E23E149EA00727522 /* TodayViewController.swift in Sources */ = {isa = PBXBuildFile; fileRef = 1A85047D23E149EA00727522 /* TodayViewController.swift */; };
		1AB4CBA723E010140054B23C /* AppDelegate.swift in Sources */ = {isa = PBXBuildFile; fileRef = 1AB4CBA623E010140054B23C /* AppDelegate.swift */; };
		1AB4CBAB23E010140054B23C /* ViewController.swift in Sources */ = {isa = PBXBuildFile; fileRef = 1AB4CBAA23E010140054B23C /* ViewController.swift */; };
		1AB4CBAE23E010140054B23C /* Main.storyboard in Resources */ = {isa = PBXBuildFile; fileRef = 1AB4CBAC23E010140054B23C /* Main.storyboard */; };
		1AB4CBB023E010140054B23C /* Assets.xcassets in Resources */ = {isa = PBXBuildFile; fileRef = 1AB4CBAF23E010140054B23C /* Assets.xcassets */; };
		1AB4CBB323E010140054B23C /* LaunchScreen.storyboard in Resources */ = {isa = PBXBuildFile; fileRef = 1AB4CBB123E010140054B23C /* LaunchScreen.storyboard */; };
		1AB5895B23E2AD5200EBD432 /* Extensions.swift in Sources */ = {isa = PBXBuildFile; fileRef = 1AB5895A23E2AD5200EBD432 /* Extensions.swift */; };
		674773E40E354481161AE9F1 /* libPods-dailypics.a in Frameworks */ = {isa = PBXBuildFile; fileRef = ED97A282E1610C1D74033537 /* libPods-dailypics.a */; };
/* End PBXBuildFile section */

/* Begin PBXFileReference section */
		1A79C62E23E1834D00A12A77 /* TujianApi.swift */ = {isa = PBXFileReference; lastKnownFileType = sourcecode.swift; path = TujianApi.swift; sourceTree = "<group>"; };
		1A79C63023E1A94100A12A77 /* PhotoCard.swift */ = {isa = PBXFileReference; lastKnownFileType = sourcecode.swift; path = PhotoCard.swift; sourceTree = "<group>"; };
		1A85047D23E149EA00727522 /* TodayViewController.swift */ = {isa = PBXFileReference; lastKnownFileType = sourcecode.swift; path = TodayViewController.swift; sourceTree = "<group>"; };
		1AB4CBA323E010140054B23C /* dailypics.app */ = {isa = PBXFileReference; explicitFileType = wrapper.application; includeInIndex = 0; path = dailypics.app; sourceTree = BUILT_PRODUCTS_DIR; };
		1AB4CBA623E010140054B23C /* AppDelegate.swift */ = {isa = PBXFileReference; lastKnownFileType = sourcecode.swift; path = AppDelegate.swift; sourceTree = "<group>"; };
		1AB4CBAA23E010140054B23C /* ViewController.swift */ = {isa = PBXFileReference; lastKnownFileType = sourcecode.swift; path = ViewController.swift; sourceTree = "<group>"; };
		1AB4CBAD23E010140054B23C /* Base */ = {isa = PBXFileReference; lastKnownFileType = file.storyboard; name = Base; path = Base.lproj/Main.storyboard; sourceTree = "<group>"; };
		1AB4CBAF23E010140054B23C /* Assets.xcassets */ = {isa = PBXFileReference; lastKnownFileType = folder.assetcatalog; path = Assets.xcassets; sourceTree = "<group>"; };
		1AB4CBB223E010140054B23C /* Base */ = {isa = PBXFileReference; lastKnownFileType = file.storyboard; name = Base; path = Base.lproj/LaunchScreen.storyboard; sourceTree = "<group>"; };
		1AB4CBB423E010140054B23C /* Info.plist */ = {isa = PBXFileReference; lastKnownFileType = text.plist.xml; path = Info.plist; sourceTree = "<group>"; };
		1AB5895A23E2AD5200EBD432 /* Extensions.swift */ = {isa = PBXFileReference; lastKnownFileType = sourcecode.swift; path = Extensions.swift; sourceTree = "<group>"; };
		1D04835223A7FA4FEF84D545 /* Pods-dailypics.release.xcconfig */ = {isa = PBXFileReference; includeInIndex = 1; lastKnownFileType = text.xcconfig; name = "Pods-dailypics.release.xcconfig"; path = "Target Support Files/Pods-dailypics/Pods-dailypics.release.xcconfig"; sourceTree = "<group>"; };
		7CBC460E44CA4135FEB5B142 /* Pods-dailypics.debug.xcconfig */ = {isa = PBXFileReference; includeInIndex = 1; lastKnownFileType = text.xcconfig; name = "Pods-dailypics.debug.xcconfig"; path = "Target Support Files/Pods-dailypics/Pods-dailypics.debug.xcconfig"; sourceTree = "<group>"; };
		ED97A282E1610C1D74033537 /* libPods-dailypics.a */ = {isa = PBXFileReference; explicitFileType = archive.ar; includeInIndex = 0; path = "libPods-dailypics.a"; sourceTree = BUILT_PRODUCTS_DIR; };
/* End PBXFileReference section */

/* Begin PBXFrameworksBuildPhase section */
		1AB4CBA023E010140054B23C /* Frameworks */ = {
			isa = PBXFrameworksBuildPhase;
			buildActionMask = 2147483647;
			files = (
				674773E40E354481161AE9F1 /* libPods-dailypics.a in Frameworks */,
			);
			runOnlyForDeploymentPostprocessing = 0;
		};
/* End PBXFrameworksBuildPhase section */

/* Begin PBXGroup section */
		1AB4CB9A23E010140054B23C = {
			isa = PBXGroup;
			children = (
				1AB4CBBA23E0104B0054B23C /* Sources */,
				1AB4CBAF23E010140054B23C /* Assets.xcassets */,
				1AB4CBB123E010140054B23C /* LaunchScreen.storyboard */,
				1AB4CBAC23E010140054B23C /* Main.storyboard */,
				1AB4CBB423E010140054B23C /* Info.plist */,
				1AB4CBA423E010140054B23C /* Products */,
				DDD541E50811E906CDC64176 /* Pods */,
				DBAED61AD1AE6F309E87CD35 /* Frameworks */,
			);
			sourceTree = "<group>";
		};
		1AB4CBA423E010140054B23C /* Products */ = {
			isa = PBXGroup;
			children = (
				1AB4CBA323E010140054B23C /* dailypics.app */,
			);
			name = Products;
			sourceTree = "<group>";
		};
		1AB4CBBA23E0104B0054B23C /* Sources */ = {
			isa = PBXGroup;
			children = (
				1AB4CBA623E010140054B23C /* AppDelegate.swift */,
				1AB4CBAA23E010140054B23C /* ViewController.swift */,
				1A85047D23E149EA00727522 /* TodayViewController.swift */,
				1A79C62E23E1834D00A12A77 /* TujianApi.swift */,
				1A79C63023E1A94100A12A77 /* PhotoCard.swift */,
				1AB5895A23E2AD5200EBD432 /* Extensions.swift */,
			);
			path = Sources;
			sourceTree = "<group>";
		};
		DBAED61AD1AE6F309E87CD35 /* Frameworks */ = {
			isa = PBXGroup;
			children = (
				ED97A282E1610C1D74033537 /* libPods-dailypics.a */,
			);
			name = Frameworks;
			sourceTree = "<group>";
		};
		DDD541E50811E906CDC64176 /* Pods */ = {
			isa = PBXGroup;
			children = (
				7CBC460E44CA4135FEB5B142 /* Pods-dailypics.debug.xcconfig */,
				1D04835223A7FA4FEF84D545 /* Pods-dailypics.release.xcconfig */,
			);
			path = Pods;
			sourceTree = "<group>";
		};
/* End PBXGroup section */

/* Begin PBXNativeTarget section */
		1AB4CBA223E010140054B23C /* dailypics */ = {
			isa = PBXNativeTarget;
			buildConfigurationList = 1AB4CBB723E010140054B23C /* Build configuration list for PBXNativeTarget "dailypics" */;
			buildPhases = (
				335FCB511D25008B50CB44D7 /* [CP] Check Pods Manifest.lock */,
				1AB4CB9F23E010140054B23C /* Sources */,
				1AB4CBA023E010140054B23C /* Frameworks */,
				1AB4CBA123E010140054B23C /* Resources */,
			);
			buildRules = (
			);
			dependencies = (
			);
			name = dailypics;
			productName = dailypics;
			productReference = 1AB4CBA323E010140054B23C /* dailypics.app */;
			productType = "com.apple.product-type.application";
		};
/* End PBXNativeTarget section */

/* Begin PBXProject section */
		1AB4CB9B23E010140054B23C /* Project object */ = {
			isa = PBXProject;
			attributes = {
				LastSwiftUpdateCheck = 1100;
				LastUpgradeCheck = 1100;
				ORGANIZATIONNAME = Yaerin;
				TargetAttributes = {
					1AB4CBA223E010140054B23C = {
						CreatedOnToolsVersion = 11.0;
					};
				};
			};
			buildConfigurationList = 1AB4CB9E23E010140054B23C /* Build configuration list for PBXProject "dailypics" */;
			compatibilityVersion = "Xcode 9.3";
			developmentRegion = en;
			hasScannedForEncodings = 0;
			knownRegions = (
				en,
				Base,
			);
			mainGroup = 1AB4CB9A23E010140054B23C;
			productRefGroup = 1AB4CBA423E010140054B23C /* Products */;
			projectDirPath = "";
			projectRoot = "";
			targets = (
				1AB4CBA223E010140054B23C /* dailypics */,
			);
		};
/* End PBXProject section */

/* Begin PBXResourcesBuildPhase section */
		1AB4CBA123E010140054B23C /* Resources */ = {
			isa = PBXResourcesBuildPhase;
			buildActionMask = 2147483647;
			files = (
				1AB4CBB323E010140054B23C /* LaunchScreen.storyboard in Resources */,
				1AB4CBB023E010140054B23C /* Assets.xcassets in Resources */,
				1AB4CBAE23E010140054B23C /* Main.storyboard in Resources */,
			);
			runOnlyForDeploymentPostprocessing = 0;
		};
/* End PBXResourcesBuildPhase section */

/* Begin PBXShellScriptBuildPhase section */
		335FCB511D25008B50CB44D7 /* [CP] Check Pods Manifest.lock */ = {
			isa = PBXShellScriptBuildPhase;
			buildActionMask = 2147483647;
			files = (
			);
			inputFileListPaths = (
			);
			inputPaths = (
				"${PODS_PODFILE_DIR_PATH}/Podfile.lock",
				"${PODS_ROOT}/Manifest.lock",
			);
			name = "[CP] Check Pods Manifest.lock";
			outputFileListPaths = (
			);
			outputPaths = (
				"$(DERIVED_FILE_DIR)/Pods-dailypics-checkManifestLockResult.txt",
			);
			runOnlyForDeploymentPostprocessing = 0;
			shellPath = /bin/sh;
			shellScript = "diff \"${PODS_PODFILE_DIR_PATH}/Podfile.lock\" \"${PODS_ROOT}/Manifest.lock\" > /dev/null\nif [ $? != 0 ] ; then\n    # print error to STDERR\n    echo \"error: The sandbox is not in sync with the Podfile.lock. Run 'pod install' or update your CocoaPods installation.\" >&2\n    exit 1\nfi\n# This output is used by Xcode 'outputs' to avoid re-running this script phase.\necho \"SUCCESS\" > \"${SCRIPT_OUTPUT_FILE_0}\"\n";
			showEnvVarsInLog = 0;
		};
/* End PBXShellScriptBuildPhase section */

/* Begin PBXSourcesBuildPhase section */
		1AB4CB9F23E010140054B23C /* Sources */ = {
			isa = PBXSourcesBuildPhase;
			buildActionMask = 2147483647;
			files = (
				1AB4CBAB23E010140054B23C /* ViewController.swift in Sources */,
				1AB4CBA723E010140054B23C /* AppDelegate.swift in Sources */,
				1A79C63123E1A94100A12A77 /* PhotoCard.swift in Sources */,
				1AB5895B23E2AD5200EBD432 /* Extensions.swift in Sources */,
				1A79C62F23E1834D00A12A77 /* TujianApi.swift in Sources */,
				1A85047E23E149EA00727522 /* TodayViewController.swift in Sources */,
			);
			runOnlyForDeploymentPostprocessing = 0;
		};
/* End PBXSourcesBuildPhase section */

/* Begin PBXVariantGroup section */
		1AB4CBAC23E010140054B23C /* Main.storyboard */ = {
			isa = PBXVariantGroup;
			children = (
				1AB4CBAD23E010140054B23C /* Base */,
			);
			name = Main.storyboard;
			sourceTree = "<group>";
		};
		1AB4CBB123E010140054B23C /* LaunchScreen.storyboard */ = {
			isa = PBXVariantGroup;
			children = (
				1AB4CBB223E010140054B23C /* Base */,
			);
			name = LaunchScreen.storyboard;
			sourceTree = "<group>";
		};
/* End PBXVariantGroup section */

/* Begin XCBuildConfiguration section */
		1AB4CBB523E010140054B23C /* Debug */ = {
			isa = XCBuildConfiguration;
			buildSettings = {
				ALWAYS_SEARCH_USER_PATHS = NO;
				CLANG_ANALYZER_NONNULL = YES;
				CLANG_ANALYZER_NUMBER_OBJECT_CONVERSION = YES_AGGRESSIVE;
				CLANG_CXX_LANGUAGE_STANDARD = "gnu++14";
				CLANG_CXX_LIBRARY = "libc++";
				CLANG_ENABLE_MODULES = YES;
				CLANG_ENABLE_OBJC_ARC = YES;
				CLANG_ENABLE_OBJC_WEAK = YES;
				CLANG_WARN_BLOCK_CAPTURE_AUTORELEASING = YES;
				CLANG_WARN_BOOL_CONVERSION = YES;
				CLANG_WARN_COMMA = YES;
				CLANG_WARN_CONSTANT_CONVERSION = YES;
				CLANG_WARN_DEPRECATED_OBJC_IMPLEMENTATIONS = YES;
				CLANG_WARN_DIRECT_OBJC_ISA_USAGE = YES_ERROR;
				CLANG_WARN_DOCUMENTATION_COMMENTS = YES;
				CLANG_WARN_EMPTY_BODY = YES;
				CLANG_WARN_ENUM_CONVERSION = YES;
				CLANG_WARN_INFINITE_RECURSION = YES;
				CLANG_WARN_INT_CONVERSION = YES;
				CLANG_WARN_NON_LITERAL_NULL_CONVERSION = YES;
				CLANG_WARN_OBJC_IMPLICIT_RETAIN_SELF = YES;
				CLANG_WARN_OBJC_LITERAL_CONVERSION = YES;
				CLANG_WARN_OBJC_ROOT_CLASS = YES_ERROR;
				CLANG_WARN_RANGE_LOOP_ANALYSIS = YES;
				CLANG_WARN_STRICT_PROTOTYPES = YES;
				CLANG_WARN_SUSPICIOUS_MOVE = YES;
				CLANG_WARN_UNGUARDED_AVAILABILITY = YES_AGGRESSIVE;
				CLANG_WARN_UNREACHABLE_CODE = YES;
				CLANG_WARN__DUPLICATE_METHOD_MATCH = YES;
				COPY_PHASE_STRIP = NO;
				DEBUG_INFORMATION_FORMAT = dwarf;
				ENABLE_STRICT_OBJC_MSGSEND = YES;
				ENABLE_TESTABILITY = YES;
				GCC_C_LANGUAGE_STANDARD = gnu11;
				GCC_DYNAMIC_NO_PIC = NO;
				GCC_NO_COMMON_BLOCKS = YES;
				GCC_OPTIMIZATION_LEVEL = 0;
				GCC_PREPROCESSOR_DEFINITIONS = (
					"DEBUG=1",
					"$(inherited)",
				);
				GCC_WARN_64_TO_32_BIT_CONVERSION = YES;
				GCC_WARN_ABOUT_RETURN_TYPE = YES_ERROR;
				GCC_WARN_UNDECLARED_SELECTOR = YES;
				GCC_WARN_UNINITIALIZED_AUTOS = YES_AGGRESSIVE;
				GCC_WARN_UNUSED_FUNCTION = YES;
				GCC_WARN_UNUSED_VARIABLE = YES;
				IPHONEOS_DEPLOYMENT_TARGET = 13.0;
				MTL_ENABLE_DEBUG_INFO = INCLUDE_SOURCE;
				MTL_FAST_MATH = YES;
				ONLY_ACTIVE_ARCH = YES;
				SDKROOT = iphoneos;
				SWIFT_ACTIVE_COMPILATION_CONDITIONS = DEBUG;
				SWIFT_OPTIMIZATION_LEVEL = "-Onone";
			};
			name = Debug;
		};
		1AB4CBB623E010140054B23C /* Release */ = {
			isa = XCBuildConfiguration;
			buildSettings = {
				ALWAYS_SEARCH_USER_PATHS = NO;
				CLANG_ANALYZER_NONNULL = YES;
				CLANG_ANALYZER_NUMBER_OBJECT_CONVERSION = YES_AGGRESSIVE;
				CLANG_CXX_LANGUAGE_STANDARD = "gnu++14";
				CLANG_CXX_LIBRARY = "libc++";
				CLANG_ENABLE_MODULES = YES;
				CLANG_ENABLE_OBJC_ARC = YES;
				CLANG_ENABLE_OBJC_WEAK = YES;
				CLANG_WARN_BLOCK_CAPTURE_AUTORELEASING = YES;
				CLANG_WARN_BOOL_CONVERSION = YES;
				CLANG_WARN_COMMA = YES;
				CLANG_WARN_CONSTANT_CONVERSION = YES;
				CLANG_WARN_DEPRECATED_OBJC_IMPLEMENTATIONS = YES;
				CLANG_WARN_DIRECT_OBJC_ISA_USAGE = YES_ERROR;
				CLANG_WARN_DOCUMENTATION_COMMENTS = YES;
				CLANG_WARN_EMPTY_BODY = YES;
				CLANG_WARN_ENUM_CONVERSION = YES;
				CLANG_WARN_INFINITE_RECURSION = YES;
				CLANG_WARN_INT_CONVERSION = YES;
				CLANG_WARN_NON_LITERAL_NULL_CONVERSION = YES;
				CLANG_WARN_OBJC_IMPLICIT_RETAIN_SELF = YES;
				CLANG_WARN_OBJC_LITERAL_CONVERSION = YES;
				CLANG_WARN_OBJC_ROOT_CLASS = YES_ERROR;
				CLANG_WARN_RANGE_LOOP_ANALYSIS = YES;
				CLANG_WARN_STRICT_PROTOTYPES = YES;
				CLANG_WARN_SUSPICIOUS_MOVE = YES;
				CLANG_WARN_UNGUARDED_AVAILABILITY = YES_AGGRESSIVE;
				CLANG_WARN_UNREACHABLE_CODE = YES;
				CLANG_WARN__DUPLICATE_METHOD_MATCH = YES;
				COPY_PHASE_STRIP = NO;
				DEBUG_INFORMATION_FORMAT = "dwarf-with-dsym";
				ENABLE_NS_ASSERTIONS = NO;
				ENABLE_STRICT_OBJC_MSGSEND = YES;
				GCC_C_LANGUAGE_STANDARD = gnu11;
				GCC_NO_COMMON_BLOCKS = YES;
				GCC_WARN_64_TO_32_BIT_CONVERSION = YES;
				GCC_WARN_ABOUT_RETURN_TYPE = YES_ERROR;
				GCC_WARN_UNDECLARED_SELECTOR = YES;
				GCC_WARN_UNINITIALIZED_AUTOS = YES_AGGRESSIVE;
				GCC_WARN_UNUSED_FUNCTION = YES;
				GCC_WARN_UNUSED_VARIABLE = YES;
				IPHONEOS_DEPLOYMENT_TARGET = 13.0;
				MTL_ENABLE_DEBUG_INFO = NO;
				MTL_FAST_MATH = YES;
				SDKROOT = iphoneos;
				SWIFT_COMPILATION_MODE = wholemodule;
				SWIFT_OPTIMIZATION_LEVEL = "-O";
				VALIDATE_PRODUCT = YES;
			};
			name = Release;
		};
		1AB4CBB823E010140054B23C /* Debug */ = {
			isa = XCBuildConfiguration;
			baseConfigurationReference = 7CBC460E44CA4135FEB5B142 /* Pods-dailypics.debug.xcconfig */;
			buildSettings = {
				ASSETCATALOG_COMPILER_APPICON_NAME = AppIcon;
				CODE_SIGN_STYLE = Automatic;
				CURRENT_PROJECT_VERSION = 200127;
				DEVELOPMENT_TEAM = 48C5KAMFU2;
				INFOPLIST_FILE = Info.plist;
				LD_RUNPATH_SEARCH_PATHS = (
					"$(inherited)",
					"@executable_path/Frameworks",
				);
				MARKETING_VERSION = 2.0.3;
				PRODUCT_BUNDLE_IDENTIFIER = com.yaerin.dailyPics;
				PRODUCT_NAME = "$(TARGET_NAME)";
				SWIFT_VERSION = 5.0;
				TARGETED_DEVICE_FAMILY = "1,2";
			};
			name = Debug;
		};
		1AB4CBB923E010140054B23C /* Release */ = {
			isa = XCBuildConfiguration;
			baseConfigurationReference = 1D04835223A7FA4FEF84D545 /* Pods-dailypics.release.xcconfig */;
			buildSettings = {
				ASSETCATALOG_COMPILER_APPICON_NAME = AppIcon;
				CODE_SIGN_STYLE = Automatic;
				CURRENT_PROJECT_VERSION = 200127;
				DEVELOPMENT_TEAM = 48C5KAMFU2;
				INFOPLIST_FILE = Info.plist;
				LD_RUNPATH_SEARCH_PATHS = (
					"$(inherited)",
					"@executable_path/Frameworks",
				);
				MARKETING_VERSION = 2.0.3;
				PRODUCT_BUNDLE_IDENTIFIER = com.yaerin.dailyPics;
				PRODUCT_NAME = "$(TARGET_NAME)";
				SWIFT_VERSION = 5.0;
				TARGETED_DEVICE_FAMILY = "1,2";
			};
			name = Release;
		};
/* End XCBuildConfiguration section */

/* Begin XCConfigurationList section */
		1AB4CB9E23E010140054B23C /* Build configuration list for PBXProject "dailypics" */ = {
			isa = XCConfigurationList;
			buildConfigurations = (
				1AB4CBB523E010140054B23C /* Debug */,
				1AB4CBB623E010140054B23C /* Release */,
			);
			defaultConfigurationIsVisible = 0;
			defaultConfigurationName = Release;
		};
		1AB4CBB723E010140054B23C /* Build configuration list for PBXNativeTarget "dailypics" */ = {
			isa = XCConfigurationList;
			buildConfigurations = (
				1AB4CBB823E010140054B23C /* Debug */,
				1AB4CBB923E010140054B23C /* Release */,
			);
			defaultConfigurationIsVisible = 0;
			defaultConfigurationName = Release;
		};
/* End XCConfigurationList section */
	};
	rootObject = 1AB4CB9B23E010140054B23C /* Project object */;
}
